
Microsoft Visual Studio Solution File, Format Version 12.00
# Visual Studio Version 16
VisualStudioVersion = 16.0.31129.286
MinimumVisualStudioVersion = 10.0.40219.1
Project("{9A19103F-16F7-4668-BE54-9A1E7A4F7556}") = "Currency_and_LanguageBookingTests", "Currency_and_LanguageBookingTests\Currency_and_LanguageBookingTests.csproj", "{A3BF8FF6-37AA-45FA-944A-599A0164C178}"
EndProject
Project("{9A19103F-16F7-4668-BE54-9A1E7A4F7556}") = "PurchasingTicketsBookingTest", "PurchasingTicketsBookingTest\PurchasingTicketsBookingTest.csproj", "{BC52DE7E-1580-427C-8E11-C6828435D9ED}"
EndProject
Global
	GlobalSection(SolutionConfigurationPlatforms) = preSolution
		Debug|Any CPU = Debug|Any CPU
		Release|Any CPU = Release|Any CPU
	EndGlobalSection
	GlobalSection(ProjectConfigurationPlatforms) = postSolution
		{A3BF8FF6-37AA-45FA-944A-599A0164C178}.Debug|Any CPU.ActiveCfg = Debug|Any CPU
		{A3BF8FF6-37AA-45FA-944A-599A0164C178}.Debug|Any CPU.Build.0 = Debug|Any CPU
		{A3BF8FF6-37AA-45FA-944A-599A0164C178}.Release|Any CPU.ActiveCfg = Release|Any CPU
		{A3BF8FF6-37AA-45FA-944A-599A0164C178}.Release|Any CPU.Build.0 = Release|Any CPU
		{BC52DE7E-1580-427C-8E11-C6828435D9ED}.Debug|Any CPU.ActiveCfg = Debug|Any CPU
		{BC52DE7E-1580-427C-8E11-C6828435D9ED}.Debug|Any CPU.Build.0 = Debug|Any CPU
		{BC52DE7E-1580-427C-8E11-C6828435D9ED}.Release|Any CPU.ActiveCfg = Release|Any CPU
		{BC52DE7E-1580-427C-8E11-C6828435D9ED}.Release|Any CPU.Build.0 = Release|Any CPU
	EndGlobalSection
	GlobalSection(SolutionProperties) = preSolution
		HideSolutionNode = FALSE
	EndGlobalSection
	GlobalSection(ExtensibilityGlobals) = postSolution
		SolutionGuid = {FCD7287C-B7D5-4B38-8410-BDD41421FBFC}
	EndGlobalSection
EndGlobal
